{
    "version": 3,
    "terraform_version": "0.11.7",
    "serial": 4,
    "lineage": "cdd184cf-8e7d-d5e3-6cd3-3500acd7ec52",
    "modules": [
        {
            "path": [
                "root"
            ],
            "outputs": {},
            "resources": {
                "aws_instance.web": {
                    "type": "aws_instance",
                    "depends_on": [],
                    "primary": {
                        "id": "i-0c9e4c67b0477d27f",
                        "attributes": {
                            "ami": "ami-db24d8b6",
                            "associate_public_ip_address": "true",
                            "availability_zone": "us-east-1e",
                            "credit_specification.#": "1",
                            "credit_specification.0.cpu_credits": "standard",
                            "disable_api_termination": "false",
                            "ebs_block_device.#": "0",
                            "ebs_optimized": "false",
                            "ephemeral_block_device.#": "0",
                            "get_password_data": "false",
                            "iam_instance_profile": "",
                            "id": "i-0c9e4c67b0477d27f",
                            "instance_state": "running",
                            "instance_type": "t2.micro",
                            "ipv6_addresses.#": "0",
                            "key_name": "",
                            "monitoring": "false",
                            "network_interface.#": "0",
                            "network_interface_id": "eni-265f6d25",
                            "password_data": "",
                            "placement_group": "",
                            "primary_network_interface_id": "eni-265f6d25",
                            "private_dns": "ip-172-31-37-71.ec2.internal",
                            "private_ip": "172.31.37.71",
                            "public_dns": "ec2-54-173-105-232.compute-1.amazonaws.com",
                            "public_ip": "54.173.105.232",
                            "root_block_device.#": "1",
                            "root_block_device.0.delete_on_termination": "true",
                            "root_block_device.0.iops": "100",
                            "root_block_device.0.volume_id": "vol-0ba40bb2744e16de4",
                            "root_block_device.0.volume_size": "8",
                            "root_block_device.0.volume_type": "gp2",
                            "security_groups.#": "1",
                            "security_groups.3814588639": "default",
                            "source_dest_check": "true",
                            "subnet_id": "subnet-1cdc0f20",
                            "tags.%": "3",
                            "tags.Indentity": "Terraform Partner Guide",
                            "tags.Name": "moose",
                            "tags.Zip": "zap",
                            "tenancy": "default",
                            "volume_tags.%": "0",
                            "vpc_security_group_ids.#": "1",
                            "vpc_security_group_ids.1475279688": "sg-07eb517a"
                        },
                        "meta": {
                            "e2bfb730-ecaa-11e6-8f88-34363bc7c4c0": {
                                "create": 600000000000,
                                "delete": 1200000000000,
                                "update": 600000000000
                            },
                            "schema_version": "1"
                        },
                        "tainted": false
                    },
                    "deposed": [],
                    "provider": "provider.aws"
                }
            },
            "depends_on": []
        }
    ]
}
